
Microsoft Visual Studio Solution File, Format Version 12.00
# Visual Studio 15
Project("{FAE04EC0-301F-11D3-BF4B-00C04F79EFBC}") = "normativasAPI", "normativasAPI\normativasAPI.csproj", "{ADBB7EF4-4238-4AAB-A38A-587BA24650AA}"
EndProject
Global
	GlobalSection(SolutionConfigurationPlatforms) = preSolution
		Debug|Any CPU = Debug|Any CPU
		Release|Any CPU = Release|Any CPU
	EndGlobalSection
	GlobalSection(ProjectConfigurationPlatforms) = postSolution
		{ADBB7EF4-4238-4AAB-A38A-587BA24650AA}.Debug|Any CPU.ActiveCfg = Debug|Any CPU
		{ADBB7EF4-4238-4AAB-A38A-587BA24650AA}.Debug|Any CPU.Build.0 = Debug|Any CPU
		{ADBB7EF4-4238-4AAB-A38A-587BA24650AA}.Release|Any CPU.ActiveCfg = Release|Any CPU
		{ADBB7EF4-4238-4AAB-A38A-587BA24650AA}.Release|Any CPU.Build.0 = Release|Any CPU
	EndGlobalSection
EndGlobal
